// !$*UTF8*$!
{
	archiveVersion = 1;
	classes = {
	};
	objectVersion = 46;
	objects = {

/* Begin PBXBuildFile section */
		088EBB71F05BE45CF9842168 /* libPods-InTownApp.a in Frameworks */ = {isa = PBXBuildFile; fileRef = 63C4B8AE1B363FD6CADA3288 /* libPods-InTownApp.a */; };
		F20D96FD1B9BF4E4007F50D4 /* main.m in Sources */ = {isa = PBXBuildFile; fileRef = F20D96FC1B9BF4E4007F50D4 /* main.m */; };
		F20D97001B9BF4E4007F50D4 /* AppDelegate.m in Sources */ = {isa = PBXBuildFile; fileRef = F20D96FF1B9BF4E4007F50D4 /* AppDelegate.m */; };
		F20D97031B9BF4E4007F50D4 /* InTownApp.xcdatamodeld in Sources */ = {isa = PBXBuildFile; fileRef = F20D97011B9BF4E4007F50D4 /* InTownApp.xcdatamodeld */; };
		F20D97061B9BF4E4007F50D4 /* ViewController.m in Sources */ = {isa = PBXBuildFile; fileRef = F20D97051B9BF4E4007F50D4 /* ViewController.m */; };
		F20D97091B9BF4E4007F50D4 /* Main.storyboard in Resources */ = {isa = PBXBuildFile; fileRef = F20D97071B9BF4E4007F50D4 /* Main.storyboard */; };
		F20D970B1B9BF4E4007F50D4 /* Images.xcassets in Resources */ = {isa = PBXBuildFile; fileRef = F20D970A1B9BF4E4007F50D4 /* Images.xcassets */; };
		F20D971A1B9BF4E5007F50D4 /* InTownAppTests.m in Sources */ = {isa = PBXBuildFile; fileRef = F20D97191B9BF4E5007F50D4 /* InTownAppTests.m */; };
		F20D972C1B9BFCA7007F50D4 /* AppIcon29x29.png in Resources */ = {isa = PBXBuildFile; fileRef = F20D97231B9BFCA7007F50D4 /* AppIcon29x29.png */; };
		F20D972D1B9BFCA7007F50D4 /* AppIcon29x29@2x.png in Resources */ = {isa = PBXBuildFile; fileRef = F20D97241B9BFCA7007F50D4 /* AppIcon29x29@2x.png */; };
		F20D972E1B9BFCA7007F50D4 /* AppIcon29x29@3x.png in Resources */ = {isa = PBXBuildFile; fileRef = F20D97251B9BFCA7007F50D4 /* AppIcon29x29@3x.png */; };
		F20D972F1B9BFCA7007F50D4 /* AppIcon40x40@2x.png in Resources */ = {isa = PBXBuildFile; fileRef = F20D97261B9BFCA7007F50D4 /* AppIcon40x40@2x.png */; };
		F20D97301B9BFCA7007F50D4 /* AppIcon40x40@3x.png in Resources */ = {isa = PBXBuildFile; fileRef = F20D97271B9BFCA7007F50D4 /* AppIcon40x40@3x.png */; };
		F20D97311B9BFCA7007F50D4 /* AppIcon57x57.png in Resources */ = {isa = PBXBuildFile; fileRef = F20D97281B9BFCA7007F50D4 /* AppIcon57x57.png */; };
		F20D97321B9BFCA7007F50D4 /* AppIcon57x57@2x.png in Resources */ = {isa = PBXBuildFile; fileRef = F20D97291B9BFCA7007F50D4 /* AppIcon57x57@2x.png */; };
		F20D97331B9BFCA7007F50D4 /* AppIcon60x60@2x.png in Resources */ = {isa = PBXBuildFile; fileRef = F20D972A1B9BFCA7007F50D4 /* AppIcon60x60@2x.png */; };
		F20D97341B9BFCA7007F50D4 /* AppIcon60x60@3x.png in Resources */ = {isa = PBXBuildFile; fileRef = F20D972B1B9BFCA7007F50D4 /* AppIcon60x60@3x.png */; };
		F20D973A1B9BFD0E007F50D4 /* aqua.png in Resources */ = {isa = PBXBuildFile; fileRef = F20D97381B9BFD0E007F50D4 /* aqua.png */; };
		F20D973B1B9BFD0E007F50D4 /* grey_2.png in Resources */ = {isa = PBXBuildFile; fileRef = F20D97391B9BFD0E007F50D4 /* grey_2.png */; };
		F20D973D1B9BFD19007F50D4 /* blueDot.png in Resources */ = {isa = PBXBuildFile; fileRef = F20D973C1B9BFD19007F50D4 /* blueDot.png */; };
		F20D97441B9BFD75007F50D4 /* br.png in Resources */ = {isa = PBXBuildFile; fileRef = F20D97401B9BFD75007F50D4 /* br.png */; };
		F20D97451B9BFD75007F50D4 /* fr.png in Resources */ = {isa = PBXBuildFile; fileRef = F20D97411B9BFD75007F50D4 /* fr.png */; };
		F20D97461B9BFD75007F50D4 /* spa.png in Resources */ = {isa = PBXBuildFile; fileRef = F20D97421B9BFD75007F50D4 /* spa.png */; };
		F20D97471B9BFD75007F50D4 /* us.png in Resources */ = {isa = PBXBuildFile; fileRef = F20D97431B9BFD75007F50D4 /* us.png */; };
		F20D974A1B9BFD8D007F50D4 /* splashScreen.png in Resources */ = {isa = PBXBuildFile; fileRef = F20D97491B9BFD8D007F50D4 /* splashScreen.png */; };
		F20D974F1B9BFDD8007F50D4 /* cityOnlyLogo.png in Resources */ = {isa = PBXBuildFile; fileRef = F20D974C1B9BFDD8007F50D4 /* cityOnlyLogo.png */; };
		F20D97501B9BFDD8007F50D4 /* defaultImage.png in Resources */ = {isa = PBXBuildFile; fileRef = F20D974D1B9BFDD8007F50D4 /* defaultImage.png */; };
		F20D97511B9BFDD8007F50D4 /* IntownLogo.png in Resources */ = {isa = PBXBuildFile; fileRef = F20D974E1B9BFDD8007F50D4 /* IntownLogo.png */; };
		F20D97531B9BFEF1007F50D4 /* LaunchScreen.xib in Resources */ = {isa = PBXBuildFile; fileRef = F20D97521B9BFEF1007F50D4 /* LaunchScreen.xib */; };
		F20D97581B9C059C007F50D4 /* Welcome.storyboard in Resources */ = {isa = PBXBuildFile; fileRef = F20D97551B9C059C007F50D4 /* Welcome.storyboard */; };
		F20D97591B9C059C007F50D4 /* WelcomeVC.m in Sources */ = {isa = PBXBuildFile; fileRef = F20D97571B9C059C007F50D4 /* WelcomeVC.m */; };
		F20D975F1B9C05CC007F50D4 /* Post.m in Sources */ = {isa = PBXBuildFile; fileRef = F20D975E1B9C05CC007F50D4 /* Post.m */; };
		F20D97621B9C0822007F50D4 /* facebookLoginButton.png in Resources */ = {isa = PBXBuildFile; fileRef = F20D97601B9C0822007F50D4 /* facebookLoginButton.png */; };
		F20D97631B9C0822007F50D4 /* twitterLoginButton.png in Resources */ = {isa = PBXBuildFile; fileRef = F20D97611B9C0822007F50D4 /* twitterLoginButton.png */; };
		F20D97651B9C0C3D007F50D4 /* Accounts.framework in Frameworks */ = {isa = PBXBuildFile; fileRef = F20D97641B9C0C3D007F50D4 /* Accounts.framework */; };
		F20D97671B9C0C45007F50D4 /* Social.framework in Frameworks */ = {isa = PBXBuildFile; fileRef = F20D97661B9C0C45007F50D4 /* Social.framework */; };
		F20D97751B9C3201007F50D4 /* Profile.storyboard in Resources */ = {isa = PBXBuildFile; fileRef = F20D976C1B9C3201007F50D4 /* Profile.storyboard */; };
		F20D97761B9C3201007F50D4 /* ProfileTVC.m in Sources */ = {isa = PBXBuildFile; fileRef = F20D976E1B9C3201007F50D4 /* ProfileTVC.m */; };
		F20D97771B9C3201007F50D4 /* SignIn.storyboard in Resources */ = {isa = PBXBuildFile; fileRef = F20D976F1B9C3201007F50D4 /* SignIn.storyboard */; };
		F20D97781B9C3201007F50D4 /* SignInVC.m in Sources */ = {isa = PBXBuildFile; fileRef = F20D97711B9C3201007F50D4 /* SignInVC.m */; };
		F20D97791B9C3201007F50D4 /* SignUp.storyboard in Resources */ = {isa = PBXBuildFile; fileRef = F20D97721B9C3201007F50D4 /* SignUp.storyboard */; };
		F20D977A1B9C3201007F50D4 /* SignUpVC.m in Sources */ = {isa = PBXBuildFile; fileRef = F20D97741B9C3201007F50D4 /* SignUpVC.m */; };
		F20D977E1B9C3250007F50D4 /* TermAndConditionsVC.m in Sources */ = {isa = PBXBuildFile; fileRef = F20D977D1B9C3250007F50D4 /* TermAndConditionsVC.m */; };
		F20D97891B9C32D2007F50D4 /* User.m in Sources */ = {isa = PBXBuildFile; fileRef = F20D97881B9C32D2007F50D4 /* User.m */; };
		F20D97971B9C3A41007F50D4 /* Feed.storyboard in Resources */ = {isa = PBXBuildFile; fileRef = F20D97921B9C3A41007F50D4 /* Feed.storyboard */; };
		F20D97981B9C3A41007F50D4 /* FeedTVC.m in Sources */ = {isa = PBXBuildFile; fileRef = F20D97941B9C3A41007F50D4 /* FeedTVC.m */; };
		F20D97991B9C3A41007F50D4 /* PostCustomCell.m in Sources */ = {isa = PBXBuildFile; fileRef = F20D97961B9C3A41007F50D4 /* PostCustomCell.m */; };
		F20D979C1B9C3AE8007F50D4 /* Policy.storyboard in Resources */ = {isa = PBXBuildFile; fileRef = F20D979B1B9C3AE8007F50D4 /* Policy.storyboard */; };
		F20D979F1B9C3BBB007F50D4 /* inboxButton.png in Resources */ = {isa = PBXBuildFile; fileRef = F20D979E1B9C3BBB007F50D4 /* inboxButton.png */; };
		F20D97AF1B9C4611007F50D4 /* Mail.storyboard in Resources */ = {isa = PBXBuildFile; fileRef = F20D97AE1B9C4611007F50D4 /* Mail.storyboard */; };
		F20D97B61B9C47F8007F50D4 /* InboxCustomCell.m in Sources */ = {isa = PBXBuildFile; fileRef = F20D97B11B9C47F8007F50D4 /* InboxCustomCell.m */; };
		F20D97B71B9C47F8007F50D4 /* InboxSearchResultTVC.m in Sources */ = {isa = PBXBuildFile; fileRef = F20D97B31B9C47F8007F50D4 /* InboxSearchResultTVC.m */; };
		F20D97B81B9C47F8007F50D4 /* InboxVC.m in Sources */ = {isa = PBXBuildFile; fileRef = F20D97B51B9C47F8007F50D4 /* InboxVC.m */; };
/* End PBXBuildFile section */

/* Begin PBXBuildRule section */
		F20D97A91B9C43A8007F50D4 /* PBXBuildRule */ = {
			isa = PBXBuildRule;
			compilerSpec = com.apple.compilers.proxy.script;
			fileType = file.xib;
			isEditable = 1;
			outputFiles = (
			);
			script = "# ibtool\n";
		};
/* End PBXBuildRule section */

/* Begin PBXContainerItemProxy section */
		F20D97141B9BF4E5007F50D4 /* PBXContainerItemProxy */ = {
			isa = PBXContainerItemProxy;
			containerPortal = F20D96EF1B9BF4E4007F50D4 /* Project object */;
			proxyType = 1;
			remoteGlobalIDString = F20D96F61B9BF4E4007F50D4;
			remoteInfo = InTownApp;
		};
/* End PBXContainerItemProxy section */

/* Begin PBXFileReference section */
		4E13ECD0F406F0BF8E1C948A /* Pods-InTownApp.release.xcconfig */ = {isa = PBXFileReference; includeInIndex = 1; lastKnownFileType = text.xcconfig; name = "Pods-InTownApp.release.xcconfig"; path = "Pods/Target Support Files/Pods-InTownApp/Pods-InTownApp.release.xcconfig"; sourceTree = "<group>"; };
		63C4B8AE1B363FD6CADA3288 /* libPods-InTownApp.a */ = {isa = PBXFileReference; explicitFileType = archive.ar; includeInIndex = 0; path = "libPods-InTownApp.a"; sourceTree = BUILT_PRODUCTS_DIR; };
		8345DDD5A41FD76EB0A22E21 /* Pods-InTownApp.debug.xcconfig */ = {isa = PBXFileReference; includeInIndex = 1; lastKnownFileType = text.xcconfig; name = "Pods-InTownApp.debug.xcconfig"; path = "Pods/Target Support Files/Pods-InTownApp/Pods-InTownApp.debug.xcconfig"; sourceTree = "<group>"; };
		F20D96F71B9BF4E4007F50D4 /* InTownApp.app */ = {isa = PBXFileReference; explicitFileType = wrapper.application; includeInIndex = 0; path = InTownApp.app; sourceTree = BUILT_PRODUCTS_DIR; };
		F20D96FB1B9BF4E4007F50D4 /* Info.plist */ = {isa = PBXFileReference; lastKnownFileType = text.plist.xml; path = Info.plist; sourceTree = "<group>"; };
		F20D96FC1B9BF4E4007F50D4 /* main.m */ = {isa = PBXFileReference; lastKnownFileType = sourcecode.c.objc; path = main.m; sourceTree = "<group>"; };
		F20D96FE1B9BF4E4007F50D4 /* AppDelegate.h */ = {isa = PBXFileReference; lastKnownFileType = sourcecode.c.h; path = AppDelegate.h; sourceTree = "<group>"; };
		F20D96FF1B9BF4E4007F50D4 /* AppDelegate.m */ = {isa = PBXFileReference; lastKnownFileType = sourcecode.c.objc; path = AppDelegate.m; sourceTree = "<group>"; };
		F20D97021B9BF4E4007F50D4 /* InTownApp.xcdatamodel */ = {isa = PBXFileReference; lastKnownFileType = wrapper.xcdatamodel; path = InTownApp.xcdatamodel; sourceTree = "<group>"; };
		F20D97041B9BF4E4007F50D4 /* ViewController.h */ = {isa = PBXFileReference; lastKnownFileType = sourcecode.c.h; path = ViewController.h; sourceTree = "<group>"; };
		F20D97051B9BF4E4007F50D4 /* ViewController.m */ = {isa = PBXFileReference; lastKnownFileType = sourcecode.c.objc; path = ViewController.m; sourceTree = "<group>"; };
		F20D97081B9BF4E4007F50D4 /* Base */ = {isa = PBXFileReference; lastKnownFileType = file.storyboard; name = Base; path = Base.lproj/Main.storyboard; sourceTree = "<group>"; };
		F20D970A1B9BF4E4007F50D4 /* Images.xcassets */ = {isa = PBXFileReference; lastKnownFileType = folder.assetcatalog; name = Images.xcassets; path = InTownApp/Images.xcassets; sourceTree = "<group>"; };
		F20D97131B9BF4E5007F50D4 /* InTownAppTests.xctest */ = {isa = PBXFileReference; explicitFileType = wrapper.cfbundle; includeInIndex = 0; path = InTownAppTests.xctest; sourceTree = BUILT_PRODUCTS_DIR; };
		F20D97181B9BF4E5007F50D4 /* Info.plist */ = {isa = PBXFileReference; lastKnownFileType = text.plist.xml; path = Info.plist; sourceTree = "<group>"; };
		F20D97191B9BF4E5007F50D4 /* InTownAppTests.m */ = {isa = PBXFileReference; lastKnownFileType = sourcecode.c.objc; path = InTownAppTests.m; sourceTree = "<group>"; };
		F20D97231B9BFCA7007F50D4 /* AppIcon29x29.png */ = {isa = PBXFileReference; lastKnownFileType = image.png; path = AppIcon29x29.png; sourceTree = "<group>"; };
		F20D97241B9BFCA7007F50D4 /* AppIcon29x29@2x.png */ = {isa = PBXFileReference; lastKnownFileType = image.png; path = "AppIcon29x29@2x.png"; sourceTree = "<group>"; };
		F20D97251B9BFCA7007F50D4 /* AppIcon29x29@3x.png */ = {isa = PBXFileReference; lastKnownFileType = image.png; path = "AppIcon29x29@3x.png"; sourceTree = "<group>"; };
		F20D97261B9BFCA7007F50D4 /* AppIcon40x40@2x.png */ = {isa = PBXFileReference; lastKnownFileType = image.png; path = "AppIcon40x40@2x.png"; sourceTree = "<group>"; };
		F20D97271B9BFCA7007F50D4 /* AppIcon40x40@3x.png */ = {isa = PBXFileReference; lastKnownFileType = image.png; path = "AppIcon40x40@3x.png"; sourceTree = "<group>"; };
		F20D97281B9BFCA7007F50D4 /* AppIcon57x57.png */ = {isa = PBXFileReference; lastKnownFileType = image.png; path = AppIcon57x57.png; sourceTree = "<group>"; };
		F20D97291B9BFCA7007F50D4 /* AppIcon57x57@2x.png */ = {isa = PBXFileReference; lastKnownFileType = image.png; path = "AppIcon57x57@2x.png"; sourceTree = "<group>"; };
		F20D972A1B9BFCA7007F50D4 /* AppIcon60x60@2x.png */ = {isa = PBXFileReference; lastKnownFileType = image.png; path = "AppIcon60x60@2x.png"; sourceTree = "<group>"; };
		F20D972B1B9BFCA7007F50D4 /* AppIcon60x60@3x.png */ = {isa = PBXFileReference; lastKnownFileType = image.png; path = "AppIcon60x60@3x.png"; sourceTree = "<group>"; };
		F20D97381B9BFD0E007F50D4 /* aqua.png */ = {isa = PBXFileReference; lastKnownFileType = image.png; path = aqua.png; sourceTree = "<group>"; };
		F20D97391B9BFD0E007F50D4 /* grey_2.png */ = {isa = PBXFileReference; lastKnownFileType = image.png; path = grey_2.png; sourceTree = "<group>"; };
		F20D973C1B9BFD19007F50D4 /* blueDot.png */ = {isa = PBXFileReference; lastKnownFileType = image.png; path = blueDot.png; sourceTree = "<group>"; };
		F20D97401B9BFD75007F50D4 /* br.png */ = {isa = PBXFileReference; lastKnownFileType = image.png; path = br.png; sourceTree = "<group>"; };
		F20D97411B9BFD75007F50D4 /* fr.png */ = {isa = PBXFileReference; lastKnownFileType = image.png; path = fr.png; sourceTree = "<group>"; };
		F20D97421B9BFD75007F50D4 /* spa.png */ = {isa = PBXFileReference; lastKnownFileType = image.png; path = spa.png; sourceTree = "<group>"; };
		F20D97431B9BFD75007F50D4 /* us.png */ = {isa = PBXFileReference; lastKnownFileType = image.png; path = us.png; sourceTree = "<group>"; };
		F20D97491B9BFD8D007F50D4 /* splashScreen.png */ = {isa = PBXFileReference; lastKnownFileType = image.png; path = splashScreen.png; sourceTree = "<group>"; };
		F20D974C1B9BFDD8007F50D4 /* cityOnlyLogo.png */ = {isa = PBXFileReference; lastKnownFileType = image.png; path = cityOnlyLogo.png; sourceTree = "<group>"; };
		F20D974D1B9BFDD8007F50D4 /* defaultImage.png */ = {isa = PBXFileReference; lastKnownFileType = image.png; path = defaultImage.png; sourceTree = "<group>"; };
		F20D974E1B9BFDD8007F50D4 /* IntownLogo.png */ = {isa = PBXFileReference; lastKnownFileType = image.png; path = IntownLogo.png; sourceTree = "<group>"; };
		F20D97521B9BFEF1007F50D4 /* LaunchScreen.xib */ = {isa = PBXFileReference; fileEncoding = 4; lastKnownFileType = file.xib; path = LaunchScreen.xib; sourceTree = "<group>"; };
		F20D97551B9C059C007F50D4 /* Welcome.storyboard */ = {isa = PBXFileReference; fileEncoding = 4; lastKnownFileType = file.storyboard; path = Welcome.storyboard; sourceTree = "<group>"; };
		F20D97561B9C059C007F50D4 /* WelcomeVC.h */ = {isa = PBXFileReference; fileEncoding = 4; lastKnownFileType = sourcecode.c.h; path = WelcomeVC.h; sourceTree = "<group>"; };
		F20D97571B9C059C007F50D4 /* WelcomeVC.m */ = {isa = PBXFileReference; fileEncoding = 4; lastKnownFileType = sourcecode.c.objc; path = WelcomeVC.m; sourceTree = "<group>"; };
		F20D975A1B9C05B9007F50D4 /* User.h */ = {isa = PBXFileReference; fileEncoding = 4; lastKnownFileType = sourcecode.c.h; path = User.h; sourceTree = "<group>"; };
		F20D975D1B9C05CC007F50D4 /* Post.h */ = {isa = PBXFileReference; fileEncoding = 4; lastKnownFileType = sourcecode.c.h; path = Post.h; sourceTree = "<group>"; };
		F20D975E1B9C05CC007F50D4 /* Post.m */ = {isa = PBXFileReference; fileEncoding = 4; lastKnownFileType = sourcecode.c.objc; path = Post.m; sourceTree = "<group>"; };
		F20D97601B9C0822007F50D4 /* facebookLoginButton.png */ = {isa = PBXFileReference; lastKnownFileType = image.png; path = facebookLoginButton.png; sourceTree = "<group>"; };
		F20D97611B9C0822007F50D4 /* twitterLoginButton.png */ = {isa = PBXFileReference; lastKnownFileType = image.png; path = twitterLoginButton.png; sourceTree = "<group>"; };
		F20D97641B9C0C3D007F50D4 /* Accounts.framework */ = {isa = PBXFileReference; lastKnownFileType = wrapper.framework; name = Accounts.framework; path = System/Library/Frameworks/Accounts.framework; sourceTree = SDKROOT; };
		F20D97661B9C0C45007F50D4 /* Social.framework */ = {isa = PBXFileReference; lastKnownFileType = wrapper.framework; name = Social.framework; path = System/Library/Frameworks/Social.framework; sourceTree = SDKROOT; };
		F20D976C1B9C3201007F50D4 /* Profile.storyboard */ = {isa = PBXFileReference; fileEncoding = 4; lastKnownFileType = file.storyboard; path = Profile.storyboard; sourceTree = "<group>"; };
		F20D976D1B9C3201007F50D4 /* ProfileTVC.h */ = {isa = PBXFileReference; fileEncoding = 4; lastKnownFileType = sourcecode.c.h; path = ProfileTVC.h; sourceTree = "<group>"; };
		F20D976E1B9C3201007F50D4 /* ProfileTVC.m */ = {isa = PBXFileReference; fileEncoding = 4; lastKnownFileType = sourcecode.c.objc; path = ProfileTVC.m; sourceTree = "<group>"; };
		F20D976F1B9C3201007F50D4 /* SignIn.storyboard */ = {isa = PBXFileReference; fileEncoding = 4; lastKnownFileType = file.storyboard; path = SignIn.storyboard; sourceTree = "<group>"; };
		F20D97701B9C3201007F50D4 /* SignInVC.h */ = {isa = PBXFileReference; fileEncoding = 4; lastKnownFileType = sourcecode.c.h; path = SignInVC.h; sourceTree = "<group>"; };
		F20D97711B9C3201007F50D4 /* SignInVC.m */ = {isa = PBXFileReference; fileEncoding = 4; lastKnownFileType = sourcecode.c.objc; path = SignInVC.m; sourceTree = "<group>"; };
		F20D97721B9C3201007F50D4 /* SignUp.storyboard */ = {isa = PBXFileReference; fileEncoding = 4; lastKnownFileType = file.storyboard; path = SignUp.storyboard; sourceTree = "<group>"; };
		F20D97731B9C3201007F50D4 /* SignUpVC.h */ = {isa = PBXFileReference; fileEncoding = 4; lastKnownFileType = sourcecode.c.h; path = SignUpVC.h; sourceTree = "<group>"; };
		F20D97741B9C3201007F50D4 /* SignUpVC.m */ = {isa = PBXFileReference; fileEncoding = 4; lastKnownFileType = sourcecode.c.objc; path = SignUpVC.m; sourceTree = "<group>"; };
		F20D977C1B9C3250007F50D4 /* TermAndConditionsVC.h */ = {isa = PBXFileReference; fileEncoding = 4; lastKnownFileType = sourcecode.c.h; path = TermAndConditionsVC.h; sourceTree = "<group>"; };
		F20D977D1B9C3250007F50D4 /* TermAndConditionsVC.m */ = {isa = PBXFileReference; fileEncoding = 4; lastKnownFileType = sourcecode.c.objc; path = TermAndConditionsVC.m; sourceTree = "<group>"; };
		F20D97881B9C32D2007F50D4 /* User.m */ = {isa = PBXFileReference; fileEncoding = 4; lastKnownFileType = sourcecode.c.objc; path = User.m; sourceTree = "<group>"; };
		F20D97921B9C3A41007F50D4 /* Feed.storyboard */ = {isa = PBXFileReference; fileEncoding = 4; lastKnownFileType = file.storyboard; path = Feed.storyboard; sourceTree = "<group>"; };
		F20D97931B9C3A41007F50D4 /* FeedTVC.h */ = {isa = PBXFileReference; fileEncoding = 4; lastKnownFileType = sourcecode.c.h; path = FeedTVC.h; sourceTree = "<group>"; };
		F20D97941B9C3A41007F50D4 /* FeedTVC.m */ = {isa = PBXFileReference; fileEncoding = 4; lastKnownFileType = sourcecode.c.objc; path = FeedTVC.m; sourceTree = "<group>"; };
		F20D97951B9C3A41007F50D4 /* PostCustomCell.h */ = {isa = PBXFileReference; fileEncoding = 4; lastKnownFileType = sourcecode.c.h; path = PostCustomCell.h; sourceTree = "<group>"; };
		F20D97961B9C3A41007F50D4 /* PostCustomCell.m */ = {isa = PBXFileReference; fileEncoding = 4; lastKnownFileType = sourcecode.c.objc; path = PostCustomCell.m; sourceTree = "<group>"; };
		F20D979B1B9C3AE8007F50D4 /* Policy.storyboard */ = {isa = PBXFileReference; fileEncoding = 4; lastKnownFileType = file.storyboard; path = Policy.storyboard; sourceTree = "<group>"; };
		F20D979E1B9C3BBB007F50D4 /* inboxButton.png */ = {isa = PBXFileReference; lastKnownFileType = image.png; path = inboxButton.png; sourceTree = "<group>"; };
		F20D97AE1B9C4611007F50D4 /* Mail.storyboard */ = {isa = PBXFileReference; fileEncoding = 4; lastKnownFileType = file.storyboard; path = Mail.storyboard; sourceTree = "<group>"; };
		F20D97B01B9C47F8007F50D4 /* InboxCustomCell.h */ = {isa = PBXFileReference; fileEncoding = 4; lastKnownFileType = sourcecode.c.h; path = InboxCustomCell.h; sourceTree = "<group>"; };
		F20D97B11B9C47F8007F50D4 /* InboxCustomCell.m */ = {isa = PBXFileReference; fileEncoding = 4; lastKnownFileType = sourcecode.c.objc; path = InboxCustomCell.m; sourceTree = "<group>"; };
		F20D97B21B9C47F8007F50D4 /* InboxSearchResultTVC.h */ = {isa = PBXFileReference; fileEncoding = 4; lastKnownFileType = sourcecode.c.h; path = InboxSearchResultTVC.h; sourceTree = "<group>"; };
		F20D97B31B9C47F8007F50D4 /* InboxSearchResultTVC.m */ = {isa = PBXFileReference; fileEncoding = 4; lastKnownFileType = sourcecode.c.objc; path = InboxSearchResultTVC.m; sourceTree = "<group>"; };
		F20D97B41B9C47F8007F50D4 /* InboxVC.h */ = {isa = PBXFileReference; fileEncoding = 4; lastKnownFileType = sourcecode.c.h; path = InboxVC.h; sourceTree = "<group>"; };
		F20D97B51B9C47F8007F50D4 /* InboxVC.m */ = {isa = PBXFileReference; fileEncoding = 4; lastKnownFileType = sourcecode.c.objc; path = InboxVC.m; sourceTree = "<group>"; };
/* End PBXFileReference section */

/* Begin PBXFrameworksBuildPhase section */
		F20D96F41B9BF4E4007F50D4 /* Frameworks */ = {
			isa = PBXFrameworksBuildPhase;
			buildActionMask = 2147483647;
			files = (
				F20D97671B9C0C45007F50D4 /* Social.framework in Frameworks */,
				F20D97651B9C0C3D007F50D4 /* Accounts.framework in Frameworks */,
				088EBB71F05BE45CF9842168 /* libPods-InTownApp.a in Frameworks */,
			);
			runOnlyForDeploymentPostprocessing = 0;
		};
		F20D97101B9BF4E5007F50D4 /* Frameworks */ = {
			isa = PBXFrameworksBuildPhase;
			buildActionMask = 2147483647;
			files = (
			);
			runOnlyForDeploymentPostprocessing = 0;
		};
/* End PBXFrameworksBuildPhase section */

/* Begin PBXGroup section */
		302EFAD37B1CEC4106466E2B /* Frameworks */ = {
			isa = PBXGroup;
			children = (
				F20D97661B9C0C45007F50D4 /* Social.framework */,
				F20D97641B9C0C3D007F50D4 /* Accounts.framework */,
				63C4B8AE1B363FD6CADA3288 /* libPods-InTownApp.a */,
			);
			name = Frameworks;
			sourceTree = "<group>";
		};
		A75C402A5998233D43DB8D80 /* Pods */ = {
			isa = PBXGroup;
			children = (
				8345DDD5A41FD76EB0A22E21 /* Pods-InTownApp.debug.xcconfig */,
				4E13ECD0F406F0BF8E1C948A /* Pods-InTownApp.release.xcconfig */,
			);
			name = Pods;
			sourceTree = "<group>";
		};
		F20D96EE1B9BF4E4007F50D4 = {
			isa = PBXGroup;
			children = (
				F20D96F91B9BF4E4007F50D4 /* InTownApp */,
				F20D97161B9BF4E5007F50D4 /* InTownAppTests */,
				F20D96F81B9BF4E4007F50D4 /* Products */,
				A75C402A5998233D43DB8D80 /* Pods */,
				302EFAD37B1CEC4106466E2B /* Frameworks */,
			);
			sourceTree = "<group>";
		};
		F20D96F81B9BF4E4007F50D4 /* Products */ = {
			isa = PBXGroup;
			children = (
				F20D96F71B9BF4E4007F50D4 /* InTownApp.app */,
				F20D97131B9BF4E5007F50D4 /* InTownAppTests.xctest */,
			);
			name = Products;
			sourceTree = "<group>";
		};
		F20D96F91B9BF4E4007F50D4 /* InTownApp */ = {
			isa = PBXGroup;
			children = (
				F20D975A1B9C05B9007F50D4 /* User.h */,
				F20D97881B9C32D2007F50D4 /* User.m */,
				F20D975D1B9C05CC007F50D4 /* Post.h */,
				F20D975E1B9C05CC007F50D4 /* Post.m */,
				F20D979A1B9C3A4E007F50D4 /* Feed */,
				F20D977B1B9C3206007F50D4 /* Profile */,
				F20D976A1B9C3109007F50D4 /* Inbox */,
				F20D97691B9C30FE007F50D4 /* SignIn */,
				F20D97681B9C30E8007F50D4 /* SignUp */,
				F20D979D1B9C3AEB007F50D4 /* Policy */,
				F20D97541B9BFF6D007F50D4 /* Welcome */,
				F20D96FE1B9BF4E4007F50D4 /* AppDelegate.h */,
				F20D96FF1B9BF4E4007F50D4 /* AppDelegate.m */,
				F20D97041B9BF4E4007F50D4 /* ViewController.h */,
				F20D97051B9BF4E4007F50D4 /* ViewController.m */,
				F20D97071B9BF4E4007F50D4 /* Main.storyboard */,
				F20D97521B9BFEF1007F50D4 /* LaunchScreen.xib */,
				F20D97351B9BFCAC007F50D4 /* Images */,
				F20D97011B9BF4E4007F50D4 /* InTownApp.xcdatamodeld */,
				F20D96FA1B9BF4E4007F50D4 /* Supporting Files */,
			);
			path = InTownApp;
			sourceTree = "<group>";
		};
		F20D96FA1B9BF4E4007F50D4 /* Supporting Files */ = {
			isa = PBXGroup;
			children = (
				F20D96FB1B9BF4E4007F50D4 /* Info.plist */,
				F20D96FC1B9BF4E4007F50D4 /* main.m */,
			);
			name = "Supporting Files";
			sourceTree = "<group>";
		};
		F20D97161B9BF4E5007F50D4 /* InTownAppTests */ = {
			isa = PBXGroup;
			children = (
				F20D97191B9BF4E5007F50D4 /* InTownAppTests.m */,
				F20D97171B9BF4E5007F50D4 /* Supporting Files */,
			);
			path = InTownAppTests;
			sourceTree = "<group>";
		};
		F20D97171B9BF4E5007F50D4 /* Supporting Files */ = {
			isa = PBXGroup;
			children = (
				F20D97181B9BF4E5007F50D4 /* Info.plist */,
			);
			name = "Supporting Files";
			sourceTree = "<group>";
		};
		F20D97351B9BFCAC007F50D4 /* Images */ = {
			isa = PBXGroup;
			children = (
				F20D974B1B9BFDA1007F50D4 /* Logos */,
				F20D97481B9BFD7D007F50D4 /* SplashScreen */,
				F20D973F1B9BFD2F007F50D4 /* Languages */,
				F20D973E1B9BFD1E007F50D4 /* Buttons */,
				F20D97371B9BFCFB007F50D4 /* Messages */,
				F20D97361B9BFCB6007F50D4 /* App Icons */,
			);
			name = Images;
			path = ..;
			sourceTree = "<group>";
		};
		F20D97361B9BFCB6007F50D4 /* App Icons */ = {
			isa = PBXGroup;
			children = (
				F20D97231B9BFCA7007F50D4 /* AppIcon29x29.png */,
				F20D97241B9BFCA7007F50D4 /* AppIcon29x29@2x.png */,
				F20D97251B9BFCA7007F50D4 /* AppIcon29x29@3x.png */,
				F20D97261B9BFCA7007F50D4 /* AppIcon40x40@2x.png */,
				F20D97271B9BFCA7007F50D4 /* AppIcon40x40@3x.png */,
				F20D97281B9BFCA7007F50D4 /* AppIcon57x57.png */,
				F20D97291B9BFCA7007F50D4 /* AppIcon57x57@2x.png */,
				F20D972A1B9BFCA7007F50D4 /* AppIcon60x60@2x.png */,
				F20D972B1B9BFCA7007F50D4 /* AppIcon60x60@3x.png */,
				F20D970A1B9BF4E4007F50D4 /* Images.xcassets */,
			);
			name = "App Icons";
			sourceTree = "<group>";
		};
		F20D97371B9BFCFB007F50D4 /* Messages */ = {
			isa = PBXGroup;
			children = (
				F20D97381B9BFD0E007F50D4 /* aqua.png */,
				F20D97391B9BFD0E007F50D4 /* grey_2.png */,
				F20D973C1B9BFD19007F50D4 /* blueDot.png */,
			);
			name = Messages;
			sourceTree = "<group>";
		};
		F20D973E1B9BFD1E007F50D4 /* Buttons */ = {
			isa = PBXGroup;
			children = (
				F20D979E1B9C3BBB007F50D4 /* inboxButton.png */,
				F20D97601B9C0822007F50D4 /* facebookLoginButton.png */,
				F20D97611B9C0822007F50D4 /* twitterLoginButton.png */,
			);
			name = Buttons;
			sourceTree = "<group>";
		};
		F20D973F1B9BFD2F007F50D4 /* Languages */ = {
			isa = PBXGroup;
			children = (
				F20D97401B9BFD75007F50D4 /* br.png */,
				F20D97411B9BFD75007F50D4 /* fr.png */,
				F20D97421B9BFD75007F50D4 /* spa.png */,
				F20D97431B9BFD75007F50D4 /* us.png */,
			);
			name = Languages;
			sourceTree = "<group>";
		};
		F20D97481B9BFD7D007F50D4 /* SplashScreen */ = {
			isa = PBXGroup;
			children = (
				F20D97491B9BFD8D007F50D4 /* splashScreen.png */,
			);
			name = SplashScreen;
			sourceTree = "<group>";
		};
		F20D974B1B9BFDA1007F50D4 /* Logos */ = {
			isa = PBXGroup;
			children = (
				F20D974C1B9BFDD8007F50D4 /* cityOnlyLogo.png */,
				F20D974D1B9BFDD8007F50D4 /* defaultImage.png */,
				F20D974E1B9BFDD8007F50D4 /* IntownLogo.png */,
			);
			name = Logos;
			sourceTree = "<group>";
		};
		F20D97541B9BFF6D007F50D4 /* Welcome */ = {
			isa = PBXGroup;
			children = (
				F20D97551B9C059C007F50D4 /* Welcome.storyboard */,
				F20D97561B9C059C007F50D4 /* WelcomeVC.h */,
				F20D97571B9C059C007F50D4 /* WelcomeVC.m */,
			);
			name = Welcome;
			sourceTree = "<group>";
		};
		F20D97681B9C30E8007F50D4 /* SignUp */ = {
			isa = PBXGroup;
			children = (
				F20D97721B9C3201007F50D4 /* SignUp.storyboard */,
				F20D97731B9C3201007F50D4 /* SignUpVC.h */,
				F20D97741B9C3201007F50D4 /* SignUpVC.m */,
			);
			name = SignUp;
			sourceTree = "<group>";
		};
		F20D97691B9C30FE007F50D4 /* SignIn */ = {
			isa = PBXGroup;
			children = (
				F20D976F1B9C3201007F50D4 /* SignIn.storyboard */,
				F20D97701B9C3201007F50D4 /* SignInVC.h */,
				F20D97711B9C3201007F50D4 /* SignInVC.m */,
			);
			name = SignIn;
			sourceTree = "<group>";
		};
		F20D976A1B9C3109007F50D4 /* Inbox */ = {
			isa = PBXGroup;
			children = (
				F20D97AE1B9C4611007F50D4 /* Mail.storyboard */,
				F20D97B01B9C47F8007F50D4 /* InboxCustomCell.h */,
				F20D97B11B9C47F8007F50D4 /* InboxCustomCell.m */,
				F20D97B21B9C47F8007F50D4 /* InboxSearchResultTVC.h */,
				F20D97B31B9C47F8007F50D4 /* InboxSearchResultTVC.m */,
				F20D97B41B9C47F8007F50D4 /* InboxVC.h */,
				F20D97B51B9C47F8007F50D4 /* InboxVC.m */,
			);
			name = Inbox;
			sourceTree = "<group>";
		};
		F20D977B1B9C3206007F50D4 /* Profile */ = {
			isa = PBXGroup;
			children = (
				F20D976C1B9C3201007F50D4 /* Profile.storyboard */,
				F20D976D1B9C3201007F50D4 /* ProfileTVC.h */,
				F20D976E1B9C3201007F50D4 /* ProfileTVC.m */,
			);
			name = Profile;
			sourceTree = "<group>";
		};
		F20D979A1B9C3A4E007F50D4 /* Feed */ = {
			isa = PBXGroup;
			children = (
				F20D97921B9C3A41007F50D4 /* Feed.storyboard */,
				F20D97931B9C3A41007F50D4 /* FeedTVC.h */,
				F20D97941B9C3A41007F50D4 /* FeedTVC.m */,
				F20D97951B9C3A41007F50D4 /* PostCustomCell.h */,
				F20D97961B9C3A41007F50D4 /* PostCustomCell.m */,
			);
			name = Feed;
			sourceTree = "<group>";
		};
		F20D979D1B9C3AEB007F50D4 /* Policy */ = {
			isa = PBXGroup;
			children = (
				F20D977C1B9C3250007F50D4 /* TermAndConditionsVC.h */,
				F20D977D1B9C3250007F50D4 /* TermAndConditionsVC.m */,
				F20D979B1B9C3AE8007F50D4 /* Policy.storyboard */,
			);
			name = Policy;
			sourceTree = "<group>";
		};
/* End PBXGroup section */

/* Begin PBXNativeTarget section */
		F20D96F61B9BF4E4007F50D4 /* InTownApp */ = {
			isa = PBXNativeTarget;
			buildConfigurationList = F20D971D1B9BF4E5007F50D4 /* Build configuration list for PBXNativeTarget "InTownApp" */;
			buildPhases = (
				A37DD15639C7A28C8CEFFDE9 /* Check Pods Manifest.lock */,
				F20D96F31B9BF4E4007F50D4 /* Sources */,
				F20D96F41B9BF4E4007F50D4 /* Frameworks */,
				F20D96F51B9BF4E4007F50D4 /* Resources */,
				F47F8EC2B4A658551E90023D /* Copy Pods Resources */,
			);
			buildRules = (
				F20D97A91B9C43A8007F50D4 /* PBXBuildRule */,
			);
			dependencies = (
			);
			name = InTownApp;
			productName = InTownApp;
			productReference = F20D96F71B9BF4E4007F50D4 /* InTownApp.app */;
			productType = "com.apple.product-type.application";
		};
		F20D97121B9BF4E5007F50D4 /* InTownAppTests */ = {
			isa = PBXNativeTarget;
			buildConfigurationList = F20D97201B9BF4E5007F50D4 /* Build configuration list for PBXNativeTarget "InTownAppTests" */;
			buildPhases = (
				F20D970F1B9BF4E5007F50D4 /* Sources */,
				F20D97101B9BF4E5007F50D4 /* Frameworks */,
				F20D97111B9BF4E5007F50D4 /* Resources */,
			);
			buildRules = (
			);
			dependencies = (
				F20D97151B9BF4E5007F50D4 /* PBXTargetDependency */,
			);
			name = InTownAppTests;
			productName = InTownAppTests;
			productReference = F20D97131B9BF4E5007F50D4 /* InTownAppTests.xctest */;
			productType = "com.apple.product-type.bundle.unit-test";
		};
/* End PBXNativeTarget section */

/* Begin PBXProject section */
		F20D96EF1B9BF4E4007F50D4 /* Project object */ = {
			isa = PBXProject;
			attributes = {
				LastUpgradeCheck = 0640;
				ORGANIZATIONNAME = inTown;
				TargetAttributes = {
					F20D96F61B9BF4E4007F50D4 = {
						CreatedOnToolsVersion = 6.4;
					};
					F20D97121B9BF4E5007F50D4 = {
						CreatedOnToolsVersion = 6.4;
						TestTargetID = F20D96F61B9BF4E4007F50D4;
					};
				};
			};
			buildConfigurationList = F20D96F21B9BF4E4007F50D4 /* Build configuration list for PBXProject "InTownApp" */;
			compatibilityVersion = "Xcode 3.2";
			developmentRegion = English;
			hasScannedForEncodings = 0;
			knownRegions = (
				en,
				Base,
			);
			mainGroup = F20D96EE1B9BF4E4007F50D4;
			productRefGroup = F20D96F81B9BF4E4007F50D4 /* Products */;
			projectDirPath = "";
			projectRoot = "";
			targets = (
				F20D96F61B9BF4E4007F50D4 /* InTownApp */,
				F20D97121B9BF4E5007F50D4 /* InTownAppTests */,
			);
		};
/* End PBXProject section */

/* Begin PBXResourcesBuildPhase section */
		F20D96F51B9BF4E4007F50D4 /* Resources */ = {
			isa = PBXResourcesBuildPhase;
			buildActionMask = 2147483647;
			files = (
				F20D97461B9BFD75007F50D4 /* spa.png in Resources */,
				F20D97501B9BFDD8007F50D4 /* defaultImage.png in Resources */,
				F20D97471B9BFD75007F50D4 /* us.png in Resources */,
				F20D97091B9BF4E4007F50D4 /* Main.storyboard in Resources */,
				F20D973B1B9BFD0E007F50D4 /* grey_2.png in Resources */,
				F20D97631B9C0822007F50D4 /* twitterLoginButton.png in Resources */,
				F20D97791B9C3201007F50D4 /* SignUp.storyboard in Resources */,
				F20D97751B9C3201007F50D4 /* Profile.storyboard in Resources */,
				F20D97581B9C059C007F50D4 /* Welcome.storyboard in Resources */,
				F20D97311B9BFCA7007F50D4 /* AppIcon57x57.png in Resources */,
				F20D972E1B9BFCA7007F50D4 /* AppIcon29x29@3x.png in Resources */,
				F20D972F1B9BFCA7007F50D4 /* AppIcon40x40@2x.png in Resources */,
				F20D97511B9BFDD8007F50D4 /* IntownLogo.png in Resources */,
				F20D97771B9C3201007F50D4 /* SignIn.storyboard in Resources */,
				F20D97331B9BFCA7007F50D4 /* AppIcon60x60@2x.png in Resources */,
				F20D97301B9BFCA7007F50D4 /* AppIcon40x40@3x.png in Resources */,
				F20D972D1B9BFCA7007F50D4 /* AppIcon29x29@2x.png in Resources */,
				F20D97341B9BFCA7007F50D4 /* AppIcon60x60@3x.png in Resources */,
				F20D973D1B9BFD19007F50D4 /* blueDot.png in Resources */,
				F20D97451B9BFD75007F50D4 /* fr.png in Resources */,
				F20D97971B9C3A41007F50D4 /* Feed.storyboard in Resources */,
				F20D97531B9BFEF1007F50D4 /* LaunchScreen.xib in Resources */,
				F20D974F1B9BFDD8007F50D4 /* cityOnlyLogo.png in Resources */,
				F20D973A1B9BFD0E007F50D4 /* aqua.png in Resources */,
				F20D979C1B9C3AE8007F50D4 /* Policy.storyboard in Resources */,
				F20D97321B9BFCA7007F50D4 /* AppIcon57x57@2x.png in Resources */,
				F20D97441B9BFD75007F50D4 /* br.png in Resources */,
				F20D970B1B9BF4E4007F50D4 /* Images.xcassets in Resources */,
				F20D97621B9C0822007F50D4 /* facebookLoginButton.png in Resources */,
				F20D974A1B9BFD8D007F50D4 /* splashScreen.png in Resources */,
				F20D97AF1B9C4611007F50D4 /* Mail.storyboard in Resources */,
				F20D979F1B9C3BBB007F50D4 /* inboxButton.png in Resources */,
				F20D972C1B9BFCA7007F50D4 /* AppIcon29x29.png in Resources */,
			);
			runOnlyForDeploymentPostprocessing = 0;
		};
		F20D97111B9BF4E5007F50D4 /* Resources */ = {
			isa = PBXResourcesBuildPhase;
			buildActionMask = 2147483647;
			files = (
			);
			runOnlyForDeploymentPostprocessing = 0;
		};
/* End PBXResourcesBuildPhase section */

/* Begin PBXShellScriptBuildPhase section */
		A37DD15639C7A28C8CEFFDE9 /* Check Pods Manifest.lock */ = {
			isa = PBXShellScriptBuildPhase;
			buildActionMask = 2147483647;
			files = (
			);
			inputPaths = (
			);
			name = "Check Pods Manifest.lock";
			outputPaths = (
			);
			runOnlyForDeploymentPostprocessing = 0;
			shellPath = /bin/sh;
			shellScript = "diff \"${PODS_ROOT}/../Podfile.lock\" \"${PODS_ROOT}/Manifest.lock\" > /dev/null\nif [[ $? != 0 ]] ; then\n    cat << EOM\nerror: The sandbox is not in sync with the Podfile.lock. Run 'pod install' or update your CocoaPods installation.\nEOM\n    exit 1\nfi\n";
			showEnvVarsInLog = 0;
		};
		F47F8EC2B4A658551E90023D /* Copy Pods Resources */ = {
			isa = PBXShellScriptBuildPhase;
			buildActionMask = 2147483647;
			files = (
			);
			inputPaths = (
			);
			name = "Copy Pods Resources";
			outputPaths = (
			);
			runOnlyForDeploymentPostprocessing = 0;
			shellPath = /bin/sh;
			shellScript = "\"${SRCROOT}/Pods/Target Support Files/Pods-InTownApp/Pods-InTownApp-resources.sh\"\n";
			showEnvVarsInLog = 0;
		};
/* End PBXShellScriptBuildPhase section */

/* Begin PBXSourcesBuildPhase section */
		F20D96F31B9BF4E4007F50D4 /* Sources */ = {
			isa = PBXSourcesBuildPhase;
			buildActionMask = 2147483647;
			files = (
				F20D97001B9BF4E4007F50D4 /* AppDelegate.m in Sources */,
				F20D96FD1B9BF4E4007F50D4 /* main.m in Sources */,
				F20D977A1B9C3201007F50D4 /* SignUpVC.m in Sources */,
				F20D97981B9C3A41007F50D4 /* FeedTVC.m in Sources */,
				F20D97781B9C3201007F50D4 /* SignInVC.m in Sources */,
				F20D97061B9BF4E4007F50D4 /* ViewController.m in Sources */,
				F20D97891B9C32D2007F50D4 /* User.m in Sources */,
				F20D97031B9BF4E4007F50D4 /* InTownApp.xcdatamodeld in Sources */,
				F20D97B71B9C47F8007F50D4 /* InboxSearchResultTVC.m in Sources */,
				F20D977E1B9C3250007F50D4 /* TermAndConditionsVC.m in Sources */,
				F20D97991B9C3A41007F50D4 /* PostCustomCell.m in Sources */,
				F20D97761B9C3201007F50D4 /* ProfileTVC.m in Sources */,
				F20D97B61B9C47F8007F50D4 /* InboxCustomCell.m in Sources */,
				F20D97B81B9C47F8007F50D4 /* InboxVC.m in Sources */,
				F20D97591B9C059C007F50D4 /* WelcomeVC.m in Sources */,
				F20D975F1B9C05CC007F50D4 /* Post.m in Sources */,
			);
			runOnlyForDeploymentPostprocessing = 0;
		};
		F20D970F1B9BF4E5007F50D4 /* Sources */ = {
			isa = PBXSourcesBuildPhase;
			buildActionMask = 2147483647;
			files = (
				F20D971A1B9BF4E5007F50D4 /* InTownAppTests.m in Sources */,
			);
			runOnlyForDeploymentPostprocessing = 0;
		};
/* End PBXSourcesBuildPhase section */

/* Begin PBXTargetDependency section */
		F20D97151B9BF4E5007F50D4 /* PBXTargetDependency */ = {
			isa = PBXTargetDependency;
			target = F20D96F61B9BF4E4007F50D4 /* InTownApp */;
			targetProxy = F20D97141B9BF4E5007F50D4 /* PBXContainerItemProxy */;
		};
/* End PBXTargetDependency section */

/* Begin PBXVariantGroup section */
		F20D97071B9BF4E4007F50D4 /* Main.storyboard */ = {
			isa = PBXVariantGroup;
			children = (
				F20D97081B9BF4E4007F50D4 /* Base */,
			);
			name = Main.storyboard;
			sourceTree = "<group>";
		};
/* End PBXVariantGroup section */

/* Begin XCBuildConfiguration section */
		F20D971B1B9BF4E5007F50D4 /* Debug */ = {
			isa = XCBuildConfiguration;
			buildSettings = {
				ALWAYS_SEARCH_USER_PATHS = NO;
				CLANG_CXX_LANGUAGE_STANDARD = "gnu++0x";
				CLANG_CXX_LIBRARY = "libc++";
				CLANG_ENABLE_MODULES = YES;
				CLANG_ENABLE_OBJC_ARC = YES;
				CLANG_WARN_BOOL_CONVERSION = YES;
				CLANG_WARN_CONSTANT_CONVERSION = YES;
				CLANG_WARN_DIRECT_OBJC_ISA_USAGE = YES_ERROR;
				CLANG_WARN_EMPTY_BODY = YES;
				CLANG_WARN_ENUM_CONVERSION = YES;
				CLANG_WARN_INT_CONVERSION = YES;
				CLANG_WARN_OBJC_ROOT_CLASS = YES_ERROR;
				CLANG_WARN_UNREACHABLE_CODE = YES;
				CLANG_WARN__DUPLICATE_METHOD_MATCH = YES;
				"CODE_SIGN_IDENTITY[sdk=iphoneos*]" = "iPhone Developer";
				COPY_PHASE_STRIP = NO;
				DEBUG_INFORMATION_FORMAT = "dwarf-with-dsym";
				ENABLE_STRICT_OBJC_MSGSEND = YES;
				GCC_C_LANGUAGE_STANDARD = gnu99;
				GCC_DYNAMIC_NO_PIC = NO;
				GCC_NO_COMMON_BLOCKS = YES;
				GCC_OPTIMIZATION_LEVEL = 0;
				GCC_PREPROCESSOR_DEFINITIONS = (
					"DEBUG=1",
					"$(inherited)",
				);
				GCC_SYMBOLS_PRIVATE_EXTERN = NO;
				GCC_WARN_64_TO_32_BIT_CONVERSION = YES;
				GCC_WARN_ABOUT_RETURN_TYPE = YES_ERROR;
				GCC_WARN_UNDECLARED_SELECTOR = YES;
				GCC_WARN_UNINITIALIZED_AUTOS = YES_AGGRESSIVE;
				GCC_WARN_UNUSED_FUNCTION = YES;
				GCC_WARN_UNUSED_VARIABLE = YES;
				IPHONEOS_DEPLOYMENT_TARGET = 8.4;
				MTL_ENABLE_DEBUG_INFO = YES;
				ONLY_ACTIVE_ARCH = YES;
				SDKROOT = iphoneos;
			};
			name = Debug;
		};
		F20D971C1B9BF4E5007F50D4 /* Release */ = {
			isa = XCBuildConfiguration;
			buildSettings = {
				ALWAYS_SEARCH_USER_PATHS = NO;
				CLANG_CXX_LANGUAGE_STANDARD = "gnu++0x";
				CLANG_CXX_LIBRARY = "libc++";
				CLANG_ENABLE_MODULES = YES;
				CLANG_ENABLE_OBJC_ARC = YES;
				CLANG_WARN_BOOL_CONVERSION = YES;
				CLANG_WARN_CONSTANT_CONVERSION = YES;
				CLANG_WARN_DIRECT_OBJC_ISA_USAGE = YES_ERROR;
				CLANG_WARN_EMPTY_BODY = YES;
				CLANG_WARN_ENUM_CONVERSION = YES;
				CLANG_WARN_INT_CONVERSION = YES;
				CLANG_WARN_OBJC_ROOT_CLASS = YES_ERROR;
				CLANG_WARN_UNREACHABLE_CODE = YES;
				CLANG_WARN__DUPLICATE_METHOD_MATCH = YES;
				"CODE_SIGN_IDENTITY[sdk=iphoneos*]" = "iPhone Developer";
				COPY_PHASE_STRIP = NO;
				DEBUG_INFORMATION_FORMAT = "dwarf-with-dsym";
				ENABLE_NS_ASSERTIONS = NO;
				ENABLE_STRICT_OBJC_MSGSEND = YES;
				GCC_C_LANGUAGE_STANDARD = gnu99;
				GCC_NO_COMMON_BLOCKS = YES;
				GCC_WARN_64_TO_32_BIT_CONVERSION = YES;
				GCC_WARN_ABOUT_RETURN_TYPE = YES_ERROR;
				GCC_WARN_UNDECLARED_SELECTOR = YES;
				GCC_WARN_UNINITIALIZED_AUTOS = YES_AGGRESSIVE;
				GCC_WARN_UNUSED_FUNCTION = YES;
				GCC_WARN_UNUSED_VARIABLE = YES;
				IPHONEOS_DEPLOYMENT_TARGET = 8.4;
				MTL_ENABLE_DEBUG_INFO = NO;
				SDKROOT = iphoneos;
				VALIDATE_PRODUCT = YES;
			};
			name = Release;
		};
		F20D971E1B9BF4E5007F50D4 /* Debug */ = {
			isa = XCBuildConfiguration;
			baseConfigurationReference = 8345DDD5A41FD76EB0A22E21 /* Pods-InTownApp.debug.xcconfig */;
			buildSettings = {
				ASSETCATALOG_COMPILER_APPICON_NAME = AppIcon;
				INFOPLIST_FILE = InTownApp/Info.plist;
				LD_RUNPATH_SEARCH_PATHS = "$(inherited) @executable_path/Frameworks";
				PRODUCT_NAME = "$(TARGET_NAME)";
				TARGETED_DEVICE_FAMILY = 1;
			};
			name = Debug;
		};
		F20D971F1B9BF4E5007F50D4 /* Release */ = {
			isa = XCBuildConfiguration;
			baseConfigurationReference = 4E13ECD0F406F0BF8E1C948A /* Pods-InTownApp.release.xcconfig */;
			buildSettings = {
				ASSETCATALOG_COMPILER_APPICON_NAME = AppIcon;
				INFOPLIST_FILE = InTownApp/Info.plist;
				LD_RUNPATH_SEARCH_PATHS = "$(inherited) @executable_path/Frameworks";
				PRODUCT_NAME = "$(TARGET_NAME)";
				TARGETED_DEVICE_FAMILY = 1;
			};
			name = Release;
		};
		F20D97211B9BF4E5007F50D4 /* Debug */ = {
			isa = XCBuildConfiguration;
			buildSettings = {
				BUNDLE_LOADER = "$(TEST_HOST)";
				FRAMEWORK_SEARCH_PATHS = (
					"$(SDKROOT)/Developer/Library/Frameworks",
					"$(inherited)",
				);
				GCC_PREPROCESSOR_DEFINITIONS = (
					"DEBUG=1",
					"$(inherited)",
				);
				INFOPLIST_FILE = InTownAppTests/Info.plist;
				LD_RUNPATH_SEARCH_PATHS = "$(inherited) @executable_path/Frameworks @loader_path/Frameworks";
				PRODUCT_NAME = "$(TARGET_NAME)";
				TEST_HOST = "$(BUILT_PRODUCTS_DIR)/InTownApp.app/InTownApp";
			};
			name = Debug;
		};
		F20D97221B9BF4E5007F50D4 /* Release */ = {
			isa = XCBuildConfiguration;
			buildSettings = {
				BUNDLE_LOADER = "$(TEST_HOST)";
				FRAMEWORK_SEARCH_PATHS = (
					"$(SDKROOT)/Developer/Library/Frameworks",
					"$(inherited)",
				);
				INFOPLIST_FILE = InTownAppTests/Info.plist;
				LD_RUNPATH_SEARCH_PATHS = "$(inherited) @executable_path/Frameworks @loader_path/Frameworks";
				PRODUCT_NAME = "$(TARGET_NAME)";
				TEST_HOST = "$(BUILT_PRODUCTS_DIR)/InTownApp.app/InTownApp";
			};
			name = Release;
		};
/* End XCBuildConfiguration section */

/* Begin XCConfigurationList section */
		F20D96F21B9BF4E4007F50D4 /* Build configuration list for PBXProject "InTownApp" */ = {
			isa = XCConfigurationList;
			buildConfigurations = (
				F20D971B1B9BF4E5007F50D4 /* Debug */,
				F20D971C1B9BF4E5007F50D4 /* Release */,
			);
			defaultConfigurationIsVisible = 0;
			defaultConfigurationName = Release;
		};
		F20D971D1B9BF4E5007F50D4 /* Build configuration list for PBXNativeTarget "InTownApp" */ = {
			isa = XCConfigurationList;
			buildConfigurations = (
				F20D971E1B9BF4E5007F50D4 /* Debug */,
				F20D971F1B9BF4E5007F50D4 /* Release */,
			);
			defaultConfigurationIsVisible = 0;
			defaultConfigurationName = Release;
		};
		F20D97201B9BF4E5007F50D4 /* Build configuration list for PBXNativeTarget "InTownAppTests" */ = {
			isa = XCConfigurationList;
			buildConfigurations = (
				F20D97211B9BF4E5007F50D4 /* Debug */,
				F20D97221B9BF4E5007F50D4 /* Release */,
			);
			defaultConfigurationIsVisible = 0;
			defaultConfigurationName = Release;
		};
/* End XCConfigurationList section */

/* Begin XCVersionGroup section */
		F20D97011B9BF4E4007F50D4 /* InTownApp.xcdatamodeld */ = {
			isa = XCVersionGroup;
			children = (
				F20D97021B9BF4E4007F50D4 /* InTownApp.xcdatamodel */,
			);
			currentVersion = F20D97021B9BF4E4007F50D4 /* InTownApp.xcdatamodel */;
			path = InTownApp.xcdatamodeld;
			sourceTree = "<group>";
			versionGroupType = wrapper.xcdatamodel;
		};
/* End XCVersionGroup section */
	};
	rootObject = F20D96EF1B9BF4E4007F50D4 /* Project object */;
}
